
Microsoft Visual Studio Solution File, Format Version 12.00
# Visual Studio 2012
Project("{FAE04EC0-301F-11D3-BF4B-00C04F79EFBC}") = "General.Katas", "General.Katas\General.Katas.csproj", "{0E2915E0-2407-425E-A7C3-31B30D6C1F5D}"
EndProject
Project("{FAE04EC0-301F-11D3-BF4B-00C04F79EFBC}") = "General.Dominion", "General.Dominion\General.Dominion.csproj", "{E6779EF0-1F6D-419D-829C-456D11739E36}"
EndProject
Global
	GlobalSection(SolutionConfigurationPlatforms) = preSolution
		Debug|Any CPU = Debug|Any CPU
		Release|Any CPU = Release|Any CPU
	EndGlobalSection
	GlobalSection(ProjectConfigurationPlatforms) = postSolution
		{0E2915E0-2407-425E-A7C3-31B30D6C1F5D}.Debug|Any CPU.ActiveCfg = Debug|Any CPU
		{0E2915E0-2407-425E-A7C3-31B30D6C1F5D}.Debug|Any CPU.Build.0 = Debug|Any CPU
		{0E2915E0-2407-425E-A7C3-31B30D6C1F5D}.Release|Any CPU.ActiveCfg = Release|Any CPU
		{0E2915E0-2407-425E-A7C3-31B30D6C1F5D}.Release|Any CPU.Build.0 = Release|Any CPU
		{E6779EF0-1F6D-419D-829C-456D11739E36}.Debug|Any CPU.ActiveCfg = Debug|Any CPU
		{E6779EF0-1F6D-419D-829C-456D11739E36}.Debug|Any CPU.Build.0 = Debug|Any CPU
		{E6779EF0-1F6D-419D-829C-456D11739E36}.Release|Any CPU.ActiveCfg = Release|Any CPU
		{E6779EF0-1F6D-419D-829C-456D11739E36}.Release|Any CPU.Build.0 = Release|Any CPU
	EndGlobalSection
	GlobalSection(SolutionProperties) = preSolution
		HideSolutionNode = FALSE
	EndGlobalSection
EndGlobal
